// !$*UTF8*$!
{
	archiveVersion = 1;
	classes = {
	};
	objectVersion = 50;
	objects = {

/* Begin PBXBuildFile section */
		F06C132A2084A76900B503EF /* AdaptiveViewController.swift in Sources */ = {isa = PBXBuildFile; fileRef = F06C13292084A76900B503EF /* AdaptiveViewController.swift */; };
		F0BBFC7E20807FB500193CB4 /* AppDelegate.swift in Sources */ = {isa = PBXBuildFile; fileRef = F0BBFC7D20807FB500193CB4 /* AppDelegate.swift */; };
		F0BBFC8020807FB500193CB4 /* ViewController.swift in Sources */ = {isa = PBXBuildFile; fileRef = F0BBFC7F20807FB500193CB4 /* ViewController.swift */; };
		F0BBFC8320807FB500193CB4 /* Main.storyboard in Resources */ = {isa = PBXBuildFile; fileRef = F0BBFC8120807FB500193CB4 /* Main.storyboard */; };
		F0BBFC8520807FB600193CB4 /* Assets.xcassets in Resources */ = {isa = PBXBuildFile; fileRef = F0BBFC8420807FB600193CB4 /* Assets.xcassets */; };
		F0BBFC8820807FB600193CB4 /* LaunchScreen.storyboard in Resources */ = {isa = PBXBuildFile; fileRef = F0BBFC8620807FB600193CB4 /* LaunchScreen.storyboard */; };
/* End PBXBuildFile section */

/* Begin PBXFileReference section */
		F06C13292084A76900B503EF /* AdaptiveViewController.swift */ = {isa = PBXFileReference; lastKnownFileType = sourcecode.swift; path = AdaptiveViewController.swift; sourceTree = "<group>"; };
		F0BBFC7A20807FB500193CB4 /* ExportNsLayout.app */ = {isa = PBXFileReference; explicitFileType = wrapper.application; includeInIndex = 0; path = ExportNsLayout.app; sourceTree = BUILT_PRODUCTS_DIR; };
		F0BBFC7D20807FB500193CB4 /* AppDelegate.swift */ = {isa = PBXFileReference; lastKnownFileType = sourcecode.swift; path = AppDelegate.swift; sourceTree = "<group>"; };
		F0BBFC7F20807FB500193CB4 /* ViewController.swift */ = {isa = PBXFileReference; lastKnownFileType = sourcecode.swift; path = ViewController.swift; sourceTree = "<group>"; };
		F0BBFC8220807FB500193CB4 /* Base */ = {isa = PBXFileReference; lastKnownFileType = file.storyboard; name = Base; path = Base.lproj/Main.storyboard; sourceTree = "<group>"; };
		F0BBFC8420807FB600193CB4 /* Assets.xcassets */ = {isa = PBXFileReference; lastKnownFileType = folder.assetcatalog; path = Assets.xcassets; sourceTree = "<group>"; };
		F0BBFC8720807FB600193CB4 /* Base */ = {isa = PBXFileReference; lastKnownFileType = file.storyboard; name = Base; path = Base.lproj/LaunchScreen.storyboard; sourceTree = "<group>"; };
		F0BBFC8920807FB600193CB4 /* Info.plist */ = {isa = PBXFileReference; lastKnownFileType = text.plist.xml; path = Info.plist; sourceTree = "<group>"; };
/* End PBXFileReference section */

/* Begin PBXFrameworksBuildPhase section */
		F0BBFC7720807FB500193CB4 /* Frameworks */ = {
			isa = PBXFrameworksBuildPhase;
			buildActionMask = 2147483647;
			files = (
			);
			runOnlyForDeploymentPostprocessing = 0;
		};
/* End PBXFrameworksBuildPhase section */

/* Begin PBXGroup section */
		F0BBFC7120807FB500193CB4 = {
			isa = PBXGroup;
			children = (
				F0BBFC7C20807FB500193CB4 /* ExportNsLayout */,
				F0BBFC7B20807FB500193CB4 /* Products */,
			);
			sourceTree = "<group>";
		};
		F0BBFC7B20807FB500193CB4 /* Products */ = {
			isa = PBXGroup;
			children = (
				F0BBFC7A20807FB500193CB4 /* ExportNsLayout.app */,
			);
			name = Products;
			sourceTree = "<group>";
		};
		F0BBFC7C20807FB500193CB4 /* ExportNsLayout */ = {
			isa = PBXGroup;
			children = (
				F0BBFC7D20807FB500193CB4 /* AppDelegate.swift */,
				F0BBFC7F20807FB500193CB4 /* ViewController.swift */,
				F0BBFC8120807FB500193CB4 /* Main.storyboard */,
				F0BBFC8420807FB600193CB4 /* Assets.xcassets */,
				F0BBFC8620807FB600193CB4 /* LaunchScreen.storyboard */,
				F0BBFC8920807FB600193CB4 /* Info.plist */,
				F06C13292084A76900B503EF /* AdaptiveViewController.swift */,
			);
			path = ExportNsLayout;
			sourceTree = "<group>";
		};
/* End PBXGroup section */

/* Begin PBXNativeTarget section */
		F0BBFC7920807FB500193CB4 /* ExportNsLayout */ = {
			isa = PBXNativeTarget;
			buildConfigurationList = F0BBFC8C20807FB600193CB4 /* Build configuration list for PBXNativeTarget "ExportNsLayout" */;
			buildPhases = (
				F0BBFC7620807FB500193CB4 /* Sources */,
				F0BBFC7720807FB500193CB4 /* Frameworks */,
				F0BBFC7820807FB500193CB4 /* Resources */,
			);
			buildRules = (
			);
			dependencies = (
			);
			name = ExportNsLayout;
			productName = ExportNsLayout;
			productReference = F0BBFC7A20807FB500193CB4 /* ExportNsLayout.app */;
			productType = "com.apple.product-type.application";
		};
/* End PBXNativeTarget section */

/* Begin PBXProject section */
		F0BBFC7220807FB500193CB4 /* Project object */ = {
			isa = PBXProject;
			attributes = {
				LastSwiftUpdateCheck = 0930;
				LastUpgradeCheck = 0930;
				ORGANIZATIONNAME = "Andrew Chai";
				TargetAttributes = {
					F0BBFC7920807FB500193CB4 = {
						CreatedOnToolsVersion = 9.3;
					};
				};
			};
			buildConfigurationList = F0BBFC7520807FB500193CB4 /* Build configuration list for PBXProject "ExportNsLayout" */;
			compatibilityVersion = "Xcode 9.3";
			developmentRegion = en;
			hasScannedForEncodings = 0;
			knownRegions = (
				en,
				Base,
			);
			mainGroup = F0BBFC7120807FB500193CB4;
			productRefGroup = F0BBFC7B20807FB500193CB4 /* Products */;
			projectDirPath = "";
			projectRoot = "";
			targets = (
				F0BBFC7920807FB500193CB4 /* ExportNsLayout */,
			);
		};
/* End PBXProject section */

/* Begin PBXResourcesBuildPhase section */
		F0BBFC7820807FB500193CB4 /* Resources */ = {
			isa = PBXResourcesBuildPhase;
			buildActionMask = 2147483647;
			files = (
				F0BBFC8820807FB600193CB4 /* LaunchScreen.storyboard in Resources */,
				F0BBFC8520807FB600193CB4 /* Assets.xcassets in Resources */,
				F0BBFC8320807FB500193CB4 /* Main.storyboard in Resources */,
			);
			runOnlyForDeploymentPostprocessing = 0;
		};
/* End PBXResourcesBuildPhase section */

/* Begin PBXSourcesBuildPhase section */
		F0BBFC7620807FB500193CB4 /* Sources */ = {
			isa = PBXSourcesBuildPhase;
			buildActionMask = 2147483647;
			files = (
				F0BBFC8020807FB500193CB4 /* ViewController.swift in Sources */,
				F06C132A2084A76900B503EF /* AdaptiveViewController.swift in Sources */,
				F0BBFC7E20807FB500193CB4 /* AppDelegate.swift in Sources */,
			);
			runOnlyForDeploymentPostprocessing = 0;
		};
/* End PBXSourcesBuildPhase section */

/* Begin PBXVariantGroup section */
		F0BBFC8120807FB500193CB4 /* Main.storyboard */ = {
			isa = PBXVariantGroup;
			children = (
				F0BBFC8220807FB500193CB4 /* Base */,
			);
			name = Main.storyboard;
			sourceTree = "<group>";
		};
		F0BBFC8620807FB600193CB4 /* LaunchScreen.storyboard */ = {
			isa = PBXVariantGroup;
			children = (
				F0BBFC8720807FB600193CB4 /* Base */,
			);
			name = LaunchScreen.storyboard;
			sourceTree = "<group>";
		};
/* End PBXVariantGroup section */

/* Begin XCBuildConfiguration section */
		F0BBFC8A20807FB600193CB4 /* Debug */ = {
			isa = XCBuildConfiguration;
			buildSettings = {
				ALWAYS_SEARCH_USER_PATHS = NO;
				CLANG_ANALYZER_NONNULL = YES;
				CLANG_ANALYZER_NUMBER_OBJECT_CONVERSION = YES_AGGRESSIVE;
				CLANG_CXX_LANGUAGE_STANDARD = "gnu++14";
				CLANG_CXX_LIBRARY = "libc++";
				CLANG_ENABLE_MODULES = YES;
				CLANG_ENABLE_OBJC_ARC = YES;
				CLANG_ENABLE_OBJC_WEAK = YES;
				CLANG_WARN_BLOCK_CAPTURE_AUTORELEASING = YES;
				CLANG_WARN_BOOL_CONVERSION = YES;
				CLANG_WARN_COMMA = YES;
				CLANG_WARN_CONSTANT_CONVERSION = YES;
				CLANG_WARN_DEPRECATED_OBJC_IMPLEMENTATIONS = YES;
				CLANG_WARN_DIRECT_OBJC_ISA_USAGE = YES_ERROR;
				CLANG_WARN_DOCUMENTATION_COMMENTS = YES;
				CLANG_WARN_EMPTY_BODY = YES;
				CLANG_WARN_ENUM_CONVERSION = YES;
				CLANG_WARN_INFINITE_RECURSION = YES;
				CLANG_WARN_INT_CONVERSION = YES;
				CLANG_WARN_NON_LITERAL_NULL_CONVERSION = YES;
				CLANG_WARN_OBJC_IMPLICIT_RETAIN_SELF = YES;
				CLANG_WARN_OBJC_LITERAL_CONVERSION = YES;
				CLANG_WARN_OBJC_ROOT_CLASS = YES_ERROR;
				CLANG_WARN_RANGE_LOOP_ANALYSIS = YES;
				CLANG_WARN_STRICT_PROTOTYPES = YES;
				CLANG_WARN_SUSPICIOUS_MOVE = YES;
				CLANG_WARN_UNGUARDED_AVAILABILITY = YES_AGGRESSIVE;
				CLANG_WARN_UNREACHABLE_CODE = YES;
				CLANG_WARN__DUPLICATE_METHOD_MATCH = YES;
				CODE_SIGN_IDENTITY = "iPhone Developer";
				COPY_PHASE_STRIP = NO;
				DEBUG_INFORMATION_FORMAT = dwarf;
				ENABLE_STRICT_OBJC_MSGSEND = YES;
				ENABLE_TESTABILITY = YES;
				GCC_C_LANGUAGE_STANDARD = gnu11;
				GCC_DYNAMIC_NO_PIC = NO;
				GCC_NO_COMMON_BLOCKS = YES;
				GCC_OPTIMIZATION_LEVEL = 0;
				GCC_PREPROCESSOR_DEFINITIONS = (
					"DEBUG=1",
					"$(inherited)",
				);
				GCC_WARN_64_TO_32_BIT_CONVERSION = YES;
				GCC_WARN_ABOUT_RETURN_TYPE = YES_ERROR;
				GCC_WARN_UNDECLARED_SELECTOR = YES;
				GCC_WARN_UNINITIALIZED_AUTOS = YES_AGGRESSIVE;
				GCC_WARN_UNUSED_FUNCTION = YES;
				GCC_WARN_UNUSED_VARIABLE = YES;
				IPHONEOS_DEPLOYMENT_TARGET = 11.3;
				MTL_ENABLE_DEBUG_INFO = YES;
				ONLY_ACTIVE_ARCH = YES;
				SDKROOT = iphoneos;
				SWIFT_ACTIVE_COMPILATION_CONDITIONS = DEBUG;
				SWIFT_OPTIMIZATION_LEVEL = "-Onone";
			};
			name = Debug;
		};
		F0BBFC8B20807FB600193CB4 /* Release */ = {
			isa = XCBuildConfiguration;
			buildSettings = {
				ALWAYS_SEARCH_USER_PATHS = NO;
				CLANG_ANALYZER_NONNULL = YES;
				CLANG_ANALYZER_NUMBER_OBJECT_CONVERSION = YES_AGGRESSIVE;
				CLANG_CXX_LANGUAGE_STANDARD = "gnu++14";
				CLANG_CXX_LIBRARY = "libc++";
				CLANG_ENABLE_MODULES = YES;
				CLANG_ENABLE_OBJC_ARC = YES;
				CLANG_ENABLE_OBJC_WEAK = YES;
				CLANG_WARN_BLOCK_CAPTURE_AUTORELEASING = YES;
				CLANG_WARN_BOOL_CONVERSION = YES;
				CLANG_WARN_COMMA = YES;
				CLANG_WARN_CONSTANT_CONVERSION = YES;
				CLANG_WARN_DEPRECATED_OBJC_IMPLEMENTATIONS = YES;
				CLANG_WARN_DIRECT_OBJC_ISA_USAGE = YES_ERROR;
				CLANG_WARN_DOCUMENTATION_COMMENTS = YES;
				CLANG_WARN_EMPTY_BODY = YES;
				CLANG_WARN_ENUM_CONVERSION = YES;
				CLANG_WARN_INFINITE_RECURSION = YES;
				CLANG_WARN_INT_CONVERSION = YES;
				CLANG_WARN_NON_LITERAL_NULL_CONVERSION = YES;
				CLANG_WARN_OBJC_IMPLICIT_RETAIN_SELF = YES;
				CLANG_WARN_OBJC_LITERAL_CONVERSION = YES;
				CLANG_WARN_OBJC_ROOT_CLASS = YES_ERROR;
				CLANG_WARN_RANGE_LOOP_ANALYSIS = YES;
				CLANG_WARN_STRICT_PROTOTYPES = YES;
				CLANG_WARN_SUSPICIOUS_MOVE = YES;
				CLANG_WARN_UNGUARDED_AVAILABILITY = YES_AGGRESSIVE;
				CLANG_WARN_UNREACHABLE_CODE = YES;
				CLANG_WARN__DUPLICATE_METHOD_MATCH = YES;
				CODE_SIGN_IDENTITY = "iPhone Developer";
				COPY_PHASE_STRIP = NO;
				DEBUG_INFORMATION_FORMAT = "dwarf-with-dsym";
				ENABLE_NS_ASSERTIONS = NO;
				ENABLE_STRICT_OBJC_MSGSEND = YES;
				GCC_C_LANGUAGE_STANDARD = gnu11;
				GCC_NO_COMMON_BLOCKS = YES;
				GCC_WARN_64_TO_32_BIT_CONVERSION = YES;
				GCC_WARN_ABOUT_RETURN_TYPE = YES_ERROR;
				GCC_WARN_UNDECLARED_SELECTOR = YES;
				GCC_WARN_UNINITIALIZED_AUTOS = YES_AGGRESSIVE;
				GCC_WARN_UNUSED_FUNCTION = YES;
				GCC_WARN_UNUSED_VARIABLE = YES;
				IPHONEOS_DEPLOYMENT_TARGET = 11.3;
				MTL_ENABLE_DEBUG_INFO = NO;
				SDKROOT = iphoneos;
				SWIFT_COMPILATION_MODE = wholemodule;
				SWIFT_OPTIMIZATION_LEVEL = "-O";
				VALIDATE_PRODUCT = YES;
			};
			name = Release;
		};
		F0BBFC8D20807FB600193CB4 /* Debug */ = {
			isa = XCBuildConfiguration;
			buildSettings = {
				ASSETCATALOG_COMPILER_APPICON_NAME = AppIcon;
				CODE_SIGN_STYLE = Automatic;
				DEVELOPMENT_TEAM = KX9Q3F25P6;
				INFOPLIST_FILE = ExportNsLayout/Info.plist;
				LD_RUNPATH_SEARCH_PATHS = (
					"$(inherited)",
					"@executable_path/Frameworks",
				);
				PRODUCT_BUNDLE_IDENTIFIER = com.pasasoft.ExportNsLayout;
				PRODUCT_NAME = "$(TARGET_NAME)";
				SWIFT_VERSION = 4.0;
				TARGETED_DEVICE_FAMILY = "1,2";
			};
			name = Debug;
		};
		F0BBFC8E20807FB600193CB4 /* Release */ = {
			isa = XCBuildConfiguration;
			buildSettings = {
				ASSETCATALOG_COMPILER_APPICON_NAME = AppIcon;
				CODE_SIGN_STYLE = Automatic;
				DEVELOPMENT_TEAM = KX9Q3F25P6;
				INFOPLIST_FILE = ExportNsLayout/Info.plist;
				LD_RUNPATH_SEARCH_PATHS = (
					"$(inherited)",
					"@executable_path/Frameworks",
				);
				PRODUCT_BUNDLE_IDENTIFIER = com.pasasoft.ExportNsLayout;
				PRODUCT_NAME = "$(TARGET_NAME)";
				SWIFT_VERSION = 4.0;
				TARGETED_DEVICE_FAMILY = "1,2";
			};
			name = Release;
		};
/* End XCBuildConfiguration section */

/* Begin XCConfigurationList section */
		F0BBFC7520807FB500193CB4 /* Build configuration list for PBXProject "ExportNsLayout" */ = {
			isa = XCConfigurationList;
			buildConfigurations = (
				F0BBFC8A20807FB600193CB4 /* Debug */,
				F0BBFC8B20807FB600193CB4 /* Release */,
			);
			defaultConfigurationIsVisible = 0;
			defaultConfigurationName = Release;
		};
		F0BBFC8C20807FB600193CB4 /* Build configuration list for PBXNativeTarget "ExportNsLayout" */ = {
			isa = XCConfigurationList;
			buildConfigurations = (
				F0BBFC8D20807FB600193CB4 /* Debug */,
				F0BBFC8E20807FB600193CB4 /* Release */,
			);
			defaultConfigurationIsVisible = 0;
			defaultConfigurationName = Release;
		};
/* End XCConfigurationList section */
	};
	rootObject = F0BBFC7220807FB500193CB4 /* Project object */;
}
