// !$*UTF8*$!
{
	archiveVersion = 1;
	classes = {
	};
	objectVersion = 48;
	objects = {

/* Begin PBXBuildFile section */
		495A117C2080FB9500B4A4B7 /* AppDelegate.swift in Sources */ = {isa = PBXBuildFile; fileRef = 495A117B2080FB9500B4A4B7 /* AppDelegate.swift */; };
		495A117E2080FB9500B4A4B7 /* ViewController.swift in Sources */ = {isa = PBXBuildFile; fileRef = 495A117D2080FB9500B4A4B7 /* ViewController.swift */; };
		495A11812080FB9500B4A4B7 /* Main.storyboard in Resources */ = {isa = PBXBuildFile; fileRef = 495A117F2080FB9500B4A4B7 /* Main.storyboard */; };
		495A11832080FB9500B4A4B7 /* Assets.xcassets in Resources */ = {isa = PBXBuildFile; fileRef = 495A11822080FB9500B4A4B7 /* Assets.xcassets */; };
		495A11862080FB9500B4A4B7 /* LaunchScreen.storyboard in Resources */ = {isa = PBXBuildFile; fileRef = 495A11842080FB9500B4A4B7 /* LaunchScreen.storyboard */; };
		49D096F720864417007C9680 /* TwoButtonViewConroller.swift in Sources */ = {isa = PBXBuildFile; fileRef = 49D096F620864417007C9680 /* TwoButtonViewConroller.swift */; };
		F06C134C2087276400B503EF /* ChangeConstraintViewController.swift in Sources */ = {isa = PBXBuildFile; fileRef = F06C134B2087276400B503EF /* ChangeConstraintViewController.swift */; };
/* End PBXBuildFile section */

/* Begin PBXFileReference section */
		495A11782080FB9500B4A4B7 /* Views_with_Intrinsic_Content_Size.app */ = {isa = PBXFileReference; explicitFileType = wrapper.application; includeInIndex = 0; path = Views_with_Intrinsic_Content_Size.app; sourceTree = BUILT_PRODUCTS_DIR; };
		495A117B2080FB9500B4A4B7 /* AppDelegate.swift */ = {isa = PBXFileReference; lastKnownFileType = sourcecode.swift; path = AppDelegate.swift; sourceTree = "<group>"; };
		495A117D2080FB9500B4A4B7 /* ViewController.swift */ = {isa = PBXFileReference; lastKnownFileType = sourcecode.swift; path = ViewController.swift; sourceTree = "<group>"; };
		495A11802080FB9500B4A4B7 /* Base */ = {isa = PBXFileReference; lastKnownFileType = file.storyboard; name = Base; path = Base.lproj/Main.storyboard; sourceTree = "<group>"; };
		495A11822080FB9500B4A4B7 /* Assets.xcassets */ = {isa = PBXFileReference; lastKnownFileType = folder.assetcatalog; path = Assets.xcassets; sourceTree = "<group>"; };
		495A11852080FB9500B4A4B7 /* Base */ = {isa = PBXFileReference; lastKnownFileType = file.storyboard; name = Base; path = Base.lproj/LaunchScreen.storyboard; sourceTree = "<group>"; };
		495A11872080FB9500B4A4B7 /* Info.plist */ = {isa = PBXFileReference; lastKnownFileType = text.plist.xml; path = Info.plist; sourceTree = "<group>"; };
		49D096F620864417007C9680 /* TwoButtonViewConroller.swift */ = {isa = PBXFileReference; lastKnownFileType = sourcecode.swift; path = TwoButtonViewConroller.swift; sourceTree = "<group>"; };
		F06C134B2087276400B503EF /* ChangeConstraintViewController.swift */ = {isa = PBXFileReference; lastKnownFileType = sourcecode.swift; path = ChangeConstraintViewController.swift; sourceTree = "<group>"; };
/* End PBXFileReference section */

/* Begin PBXFrameworksBuildPhase section */
		495A11752080FB9500B4A4B7 /* Frameworks */ = {
			isa = PBXFrameworksBuildPhase;
			buildActionMask = 2147483647;
			files = (
			);
			runOnlyForDeploymentPostprocessing = 0;
		};
/* End PBXFrameworksBuildPhase section */

/* Begin PBXGroup section */
		495A116F2080FB9500B4A4B7 = {
			isa = PBXGroup;
			children = (
				495A117A2080FB9500B4A4B7 /* Views_with_Intrinsic_Content_Size */,
				495A11792080FB9500B4A4B7 /* Products */,
			);
			sourceTree = "<group>";
		};
		495A11792080FB9500B4A4B7 /* Products */ = {
			isa = PBXGroup;
			children = (
				495A11782080FB9500B4A4B7 /* Views_with_Intrinsic_Content_Size.app */,
			);
			name = Products;
			sourceTree = "<group>";
		};
		495A117A2080FB9500B4A4B7 /* Views_with_Intrinsic_Content_Size */ = {
			isa = PBXGroup;
			children = (
				495A117B2080FB9500B4A4B7 /* AppDelegate.swift */,
				495A117D2080FB9500B4A4B7 /* ViewController.swift */,
				495A117F2080FB9500B4A4B7 /* Main.storyboard */,
				495A11822080FB9500B4A4B7 /* Assets.xcassets */,
				495A11842080FB9500B4A4B7 /* LaunchScreen.storyboard */,
				495A11872080FB9500B4A4B7 /* Info.plist */,
				49D096F620864417007C9680 /* TwoButtonViewConroller.swift */,
				F06C134B2087276400B503EF /* ChangeConstraintViewController.swift */,
			);
			path = Views_with_Intrinsic_Content_Size;
			sourceTree = "<group>";
		};
/* End PBXGroup section */

/* Begin PBXNativeTarget section */
		495A11772080FB9500B4A4B7 /* Views_with_Intrinsic_Content_Size */ = {
			isa = PBXNativeTarget;
			buildConfigurationList = 495A118A2080FB9500B4A4B7 /* Build configuration list for PBXNativeTarget "Views_with_Intrinsic_Content_Size" */;
			buildPhases = (
				495A11742080FB9500B4A4B7 /* Sources */,
				495A11752080FB9500B4A4B7 /* Frameworks */,
				495A11762080FB9500B4A4B7 /* Resources */,
			);
			buildRules = (
			);
			dependencies = (
			);
			name = Views_with_Intrinsic_Content_Size;
			productName = Views_with_Intrinsic_Content_Size;
			productReference = 495A11782080FB9500B4A4B7 /* Views_with_Intrinsic_Content_Size.app */;
			productType = "com.apple.product-type.application";
		};
/* End PBXNativeTarget section */

/* Begin PBXProject section */
		495A11702080FB9500B4A4B7 /* Project object */ = {
			isa = PBXProject;
			attributes = {
				LastSwiftUpdateCheck = 0920;
				LastUpgradeCheck = 0920;
				ORGANIZATIONNAME = Andrew;
				TargetAttributes = {
					495A11772080FB9500B4A4B7 = {
						CreatedOnToolsVersion = 9.2;
						ProvisioningStyle = Automatic;
					};
				};
			};
			buildConfigurationList = 495A11732080FB9500B4A4B7 /* Build configuration list for PBXProject "Views_with_Intrinsic_Content_Size" */;
			compatibilityVersion = "Xcode 8.0";
			developmentRegion = en;
			hasScannedForEncodings = 0;
			knownRegions = (
				en,
				Base,
			);
			mainGroup = 495A116F2080FB9500B4A4B7;
			productRefGroup = 495A11792080FB9500B4A4B7 /* Products */;
			projectDirPath = "";
			projectRoot = "";
			targets = (
				495A11772080FB9500B4A4B7 /* Views_with_Intrinsic_Content_Size */,
			);
		};
/* End PBXProject section */

/* Begin PBXResourcesBuildPhase section */
		495A11762080FB9500B4A4B7 /* Resources */ = {
			isa = PBXResourcesBuildPhase;
			buildActionMask = 2147483647;
			files = (
				495A11862080FB9500B4A4B7 /* LaunchScreen.storyboard in Resources */,
				495A11832080FB9500B4A4B7 /* Assets.xcassets in Resources */,
				495A11812080FB9500B4A4B7 /* Main.storyboard in Resources */,
			);
			runOnlyForDeploymentPostprocessing = 0;
		};
/* End PBXResourcesBuildPhase section */

/* Begin PBXSourcesBuildPhase section */
		495A11742080FB9500B4A4B7 /* Sources */ = {
			isa = PBXSourcesBuildPhase;
			buildActionMask = 2147483647;
			files = (
				495A117E2080FB9500B4A4B7 /* ViewController.swift in Sources */,
				F06C134C2087276400B503EF /* ChangeConstraintViewController.swift in Sources */,
				49D096F720864417007C9680 /* TwoButtonViewConroller.swift in Sources */,
				495A117C2080FB9500B4A4B7 /* AppDelegate.swift in Sources */,
			);
			runOnlyForDeploymentPostprocessing = 0;
		};
/* End PBXSourcesBuildPhase section */

/* Begin PBXVariantGroup section */
		495A117F2080FB9500B4A4B7 /* Main.storyboard */ = {
			isa = PBXVariantGroup;
			children = (
				495A11802080FB9500B4A4B7 /* Base */,
			);
			name = Main.storyboard;
			sourceTree = "<group>";
		};
		495A11842080FB9500B4A4B7 /* LaunchScreen.storyboard */ = {
			isa = PBXVariantGroup;
			children = (
				495A11852080FB9500B4A4B7 /* Base */,
			);
			name = LaunchScreen.storyboard;
			sourceTree = "<group>";
		};
/* End PBXVariantGroup section */

/* Begin XCBuildConfiguration section */
		495A11882080FB9500B4A4B7 /* Debug */ = {
			isa = XCBuildConfiguration;
			buildSettings = {
				ALWAYS_SEARCH_USER_PATHS = NO;
				CLANG_ANALYZER_NONNULL = YES;
				CLANG_ANALYZER_NUMBER_OBJECT_CONVERSION = YES_AGGRESSIVE;
				CLANG_CXX_LANGUAGE_STANDARD = "gnu++14";
				CLANG_CXX_LIBRARY = "libc++";
				CLANG_ENABLE_MODULES = YES;
				CLANG_ENABLE_OBJC_ARC = YES;
				CLANG_WARN_BLOCK_CAPTURE_AUTORELEASING = YES;
				CLANG_WARN_BOOL_CONVERSION = YES;
				CLANG_WARN_COMMA = YES;
				CLANG_WARN_CONSTANT_CONVERSION = YES;
				CLANG_WARN_DIRECT_OBJC_ISA_USAGE = YES_ERROR;
				CLANG_WARN_DOCUMENTATION_COMMENTS = YES;
				CLANG_WARN_EMPTY_BODY = YES;
				CLANG_WARN_ENUM_CONVERSION = YES;
				CLANG_WARN_INFINITE_RECURSION = YES;
				CLANG_WARN_INT_CONVERSION = YES;
				CLANG_WARN_NON_LITERAL_NULL_CONVERSION = YES;
				CLANG_WARN_OBJC_LITERAL_CONVERSION = YES;
				CLANG_WARN_OBJC_ROOT_CLASS = YES_ERROR;
				CLANG_WARN_RANGE_LOOP_ANALYSIS = YES;
				CLANG_WARN_STRICT_PROTOTYPES = YES;
				CLANG_WARN_SUSPICIOUS_MOVE = YES;
				CLANG_WARN_UNGUARDED_AVAILABILITY = YES_AGGRESSIVE;
				CLANG_WARN_UNREACHABLE_CODE = YES;
				CLANG_WARN__DUPLICATE_METHOD_MATCH = YES;
				CODE_SIGN_IDENTITY = "iPhone Developer";
				COPY_PHASE_STRIP = NO;
				DEBUG_INFORMATION_FORMAT = dwarf;
				ENABLE_STRICT_OBJC_MSGSEND = YES;
				ENABLE_TESTABILITY = YES;
				GCC_C_LANGUAGE_STANDARD = gnu11;
				GCC_DYNAMIC_NO_PIC = NO;
				GCC_NO_COMMON_BLOCKS = YES;
				GCC_OPTIMIZATION_LEVEL = 0;
				GCC_PREPROCESSOR_DEFINITIONS = (
					"DEBUG=1",
					"$(inherited)",
				);
				GCC_WARN_64_TO_32_BIT_CONVERSION = YES;
				GCC_WARN_ABOUT_RETURN_TYPE = YES_ERROR;
				GCC_WARN_UNDECLARED_SELECTOR = YES;
				GCC_WARN_UNINITIALIZED_AUTOS = YES_AGGRESSIVE;
				GCC_WARN_UNUSED_FUNCTION = YES;
				GCC_WARN_UNUSED_VARIABLE = YES;
				IPHONEOS_DEPLOYMENT_TARGET = 11.2;
				MTL_ENABLE_DEBUG_INFO = YES;
				ONLY_ACTIVE_ARCH = YES;
				SDKROOT = iphoneos;
				SWIFT_ACTIVE_COMPILATION_CONDITIONS = DEBUG;
				SWIFT_OPTIMIZATION_LEVEL = "-Onone";
			};
			name = Debug;
		};
		495A11892080FB9500B4A4B7 /* Release */ = {
			isa = XCBuildConfiguration;
			buildSettings = {
				ALWAYS_SEARCH_USER_PATHS = NO;
				CLANG_ANALYZER_NONNULL = YES;
				CLANG_ANALYZER_NUMBER_OBJECT_CONVERSION = YES_AGGRESSIVE;
				CLANG_CXX_LANGUAGE_STANDARD = "gnu++14";
				CLANG_CXX_LIBRARY = "libc++";
				CLANG_ENABLE_MODULES = YES;
				CLANG_ENABLE_OBJC_ARC = YES;
				CLANG_WARN_BLOCK_CAPTURE_AUTORELEASING = YES;
				CLANG_WARN_BOOL_CONVERSION = YES;
				CLANG_WARN_COMMA = YES;
				CLANG_WARN_CONSTANT_CONVERSION = YES;
				CLANG_WARN_DIRECT_OBJC_ISA_USAGE = YES_ERROR;
				CLANG_WARN_DOCUMENTATION_COMMENTS = YES;
				CLANG_WARN_EMPTY_BODY = YES;
				CLANG_WARN_ENUM_CONVERSION = YES;
				CLANG_WARN_INFINITE_RECURSION = YES;
				CLANG_WARN_INT_CONVERSION = YES;
				CLANG_WARN_NON_LITERAL_NULL_CONVERSION = YES;
				CLANG_WARN_OBJC_LITERAL_CONVERSION = YES;
				CLANG_WARN_OBJC_ROOT_CLASS = YES_ERROR;
				CLANG_WARN_RANGE_LOOP_ANALYSIS = YES;
				CLANG_WARN_STRICT_PROTOTYPES = YES;
				CLANG_WARN_SUSPICIOUS_MOVE = YES;
				CLANG_WARN_UNGUARDED_AVAILABILITY = YES_AGGRESSIVE;
				CLANG_WARN_UNREACHABLE_CODE = YES;
				CLANG_WARN__DUPLICATE_METHOD_MATCH = YES;
				CODE_SIGN_IDENTITY = "iPhone Developer";
				COPY_PHASE_STRIP = NO;
				DEBUG_INFORMATION_FORMAT = "dwarf-with-dsym";
				ENABLE_NS_ASSERTIONS = NO;
				ENABLE_STRICT_OBJC_MSGSEND = YES;
				GCC_C_LANGUAGE_STANDARD = gnu11;
				GCC_NO_COMMON_BLOCKS = YES;
				GCC_WARN_64_TO_32_BIT_CONVERSION = YES;
				GCC_WARN_ABOUT_RETURN_TYPE = YES_ERROR;
				GCC_WARN_UNDECLARED_SELECTOR = YES;
				GCC_WARN_UNINITIALIZED_AUTOS = YES_AGGRESSIVE;
				GCC_WARN_UNUSED_FUNCTION = YES;
				GCC_WARN_UNUSED_VARIABLE = YES;
				IPHONEOS_DEPLOYMENT_TARGET = 11.2;
				MTL_ENABLE_DEBUG_INFO = NO;
				SDKROOT = iphoneos;
				SWIFT_OPTIMIZATION_LEVEL = "-Owholemodule";
				VALIDATE_PRODUCT = YES;
			};
			name = Release;
		};
		495A118B2080FB9500B4A4B7 /* Debug */ = {
			isa = XCBuildConfiguration;
			buildSettings = {
				ASSETCATALOG_COMPILER_APPICON_NAME = AppIcon;
				CODE_SIGN_STYLE = Automatic;
				DEVELOPMENT_TEAM = LRYTPJQKCM;
				INFOPLIST_FILE = Views_with_Intrinsic_Content_Size/Info.plist;
				LD_RUNPATH_SEARCH_PATHS = "$(inherited) @executable_path/Frameworks";
				PRODUCT_BUNDLE_IDENTIFIER = "com.cession.Views-with-Intrinsic-Content-Size";
				PRODUCT_NAME = "$(TARGET_NAME)";
				SWIFT_VERSION = 4.0;
				TARGETED_DEVICE_FAMILY = "1,2";
			};
			name = Debug;
		};
		495A118C2080FB9500B4A4B7 /* Release */ = {
			isa = XCBuildConfiguration;
			buildSettings = {
				ASSETCATALOG_COMPILER_APPICON_NAME = AppIcon;
				CODE_SIGN_STYLE = Automatic;
				DEVELOPMENT_TEAM = LRYTPJQKCM;
				INFOPLIST_FILE = Views_with_Intrinsic_Content_Size/Info.plist;
				LD_RUNPATH_SEARCH_PATHS = "$(inherited) @executable_path/Frameworks";
				PRODUCT_BUNDLE_IDENTIFIER = "com.cession.Views-with-Intrinsic-Content-Size";
				PRODUCT_NAME = "$(TARGET_NAME)";
				SWIFT_VERSION = 4.0;
				TARGETED_DEVICE_FAMILY = "1,2";
			};
			name = Release;
		};
/* End XCBuildConfiguration section */

/* Begin XCConfigurationList section */
		495A11732080FB9500B4A4B7 /* Build configuration list for PBXProject "Views_with_Intrinsic_Content_Size" */ = {
			isa = XCConfigurationList;
			buildConfigurations = (
				495A11882080FB9500B4A4B7 /* Debug */,
				495A11892080FB9500B4A4B7 /* Release */,
			);
			defaultConfigurationIsVisible = 0;
			defaultConfigurationName = Release;
		};
		495A118A2080FB9500B4A4B7 /* Build configuration list for PBXNativeTarget "Views_with_Intrinsic_Content_Size" */ = {
			isa = XCConfigurationList;
			buildConfigurations = (
				495A118B2080FB9500B4A4B7 /* Debug */,
				495A118C2080FB9500B4A4B7 /* Release */,
			);
			defaultConfigurationIsVisible = 0;
			defaultConfigurationName = Release;
		};
/* End XCConfigurationList section */
	};
	rootObject = 495A11702080FB9500B4A4B7 /* Project object */;
}
